
Microsoft Visual Studio Solution File, Format Version 12.00
# Visual Studio Version 17
VisualStudioVersion = 17.2.32505.173
MinimumVisualStudioVersion = 10.0.40219.1
Project("{FAE04EC0-301F-11D3-BF4B-00C04F79EFBC}") = "Sope", "Sope\Sope.csproj", "{78D2664D-AE02-45DB-A5F3-61D734CD7225}"
EndProject
Global
	GlobalSection(SolutionConfigurationPlatforms) = preSolution
		Debug|Any CPU = Debug|Any CPU
		Release|Any CPU = Release|Any CPU
	EndGlobalSection
	GlobalSection(ProjectConfigurationPlatforms) = postSolution
		{78D2664D-AE02-45DB-A5F3-61D734CD7225}.Debug|Any CPU.ActiveCfg = Debug|Any CPU
		{78D2664D-AE02-45DB-A5F3-61D734CD7225}.Debug|Any CPU.Build.0 = Debug|Any CPU
		{78D2664D-AE02-45DB-A5F3-61D734CD7225}.Release|Any CPU.ActiveCfg = Release|Any CPU
		{78D2664D-AE02-45DB-A5F3-61D734CD7225}.Release|Any CPU.Build.0 = Release|Any CPU
	EndGlobalSection
	GlobalSection(SolutionProperties) = preSolution
		HideSolutionNode = FALSE
	EndGlobalSection
	GlobalSection(ExtensibilityGlobals) = postSolution
		SolutionGuid = {B5ABF281-FE11-4A96-A84A-9D2C5D40105A}
	EndGlobalSection
EndGlobal
